
Microsoft Visual Studio Solution File, Format Version 12.00
# Visual Studio 15
VisualStudioVersion = 15.0.28307.102
MinimumVisualStudioVersion = 10.0.40219.1
Project("{FAE04EC0-301F-11D3-BF4B-00C04F79EFBC}") = "SampleXamarin.Android", "SampleXamarin\SampleXamarin.Android\SampleXamarin.Android.csproj", "{216435DD-BC23-462A-B015-B72B2EC8F775}"
EndProject
Project("{FAE04EC0-301F-11D3-BF4B-00C04F79EFBC}") = "SampleXamarin.iOS", "SampleXamarin\SampleXamarin.iOS\SampleXamarin.iOS.csproj", "{C2F0BE19-E7F3-4717-925E-DEE1DC155950}"
EndProject
Project("{FAE04EC0-301F-11D3-BF4B-00C04F79EFBC}") = "SampleXamarin", "SampleXamarin\SampleXamarin\SampleXamarin.csproj", "{BED15D63-C88F-463A-AA59-9C61EB621C0C}"
EndProject
Global
	GlobalSection(SolutionConfigurationPlatforms) = preSolution
		Ad-Hoc|Any CPU = Ad-Hoc|Any CPU
		Ad-Hoc|iPhone = Ad-Hoc|iPhone
		Ad-Hoc|iPhoneSimulator = Ad-Hoc|iPhoneSimulator
		AppStore|Any CPU = AppStore|Any CPU
		AppStore|iPhone = AppStore|iPhone
		AppStore|iPhoneSimulator = AppStore|iPhoneSimulator
		Debug|Any CPU = Debug|Any CPU
		Debug|iPhone = Debug|iPhone
		Debug|iPhoneSimulator = Debug|iPhoneSimulator
		Release|Any CPU = Release|Any CPU
		Release|iPhone = Release|iPhone
		Release|iPhoneSimulator = Release|iPhoneSimulator
	EndGlobalSection
	GlobalSection(ProjectConfigurationPlatforms) = postSolution
		{216435DD-BC23-462A-B015-B72B2EC8F775}.Ad-Hoc|Any CPU.ActiveCfg = Release|Any CPU
		{216435DD-BC23-462A-B015-B72B2EC8F775}.Ad-Hoc|Any CPU.Build.0 = Release|Any CPU
		{216435DD-BC23-462A-B015-B72B2EC8F775}.Ad-Hoc|Any CPU.Deploy.0 = Release|Any CPU
		{216435DD-BC23-462A-B015-B72B2EC8F775}.Ad-Hoc|iPhone.ActiveCfg = Release|Any CPU
		{216435DD-BC23-462A-B015-B72B2EC8F775}.Ad-Hoc|iPhone.Build.0 = Release|Any CPU
		{216435DD-BC23-462A-B015-B72B2EC8F775}.Ad-Hoc|iPhone.Deploy.0 = Release|Any CPU
		{216435DD-BC23-462A-B015-B72B2EC8F775}.Ad-Hoc|iPhoneSimulator.ActiveCfg = Release|Any CPU
		{216435DD-BC23-462A-B015-B72B2EC8F775}.Ad-Hoc|iPhoneSimulator.Build.0 = Release|Any CPU
		{216435DD-BC23-462A-B015-B72B2EC8F775}.Ad-Hoc|iPhoneSimulator.Deploy.0 = Release|Any CPU
		{216435DD-BC23-462A-B015-B72B2EC8F775}.AppStore|Any CPU.ActiveCfg = Release|Any CPU
		{216435DD-BC23-462A-B015-B72B2EC8F775}.AppStore|Any CPU.Build.0 = Release|Any CPU
		{216435DD-BC23-462A-B015-B72B2EC8F775}.AppStore|Any CPU.Deploy.0 = Release|Any CPU
		{216435DD-BC23-462A-B015-B72B2EC8F775}.AppStore|iPhone.ActiveCfg = Release|Any CPU
		{216435DD-BC23-462A-B015-B72B2EC8F775}.AppStore|iPhone.Build.0 = Release|Any CPU
		{216435DD-BC23-462A-B015-B72B2EC8F775}.AppStore|iPhone.Deploy.0 = Release|Any CPU
		{216435DD-BC23-462A-B015-B72B2EC8F775}.AppStore|iPhoneSimulator.ActiveCfg = Release|Any CPU
		{216435DD-BC23-462A-B015-B72B2EC8F775}.AppStore|iPhoneSimulator.Build.0 = Release|Any CPU
		{216435DD-BC23-462A-B015-B72B2EC8F775}.AppStore|iPhoneSimulator.Deploy.0 = Release|Any CPU
		{216435DD-BC23-462A-B015-B72B2EC8F775}.Debug|Any CPU.ActiveCfg = Debug|Any CPU
		{216435DD-BC23-462A-B015-B72B2EC8F775}.Debug|Any CPU.Build.0 = Debug|Any CPU
		{216435DD-BC23-462A-B015-B72B2EC8F775}.Debug|Any CPU.Deploy.0 = Debug|Any CPU
		{216435DD-BC23-462A-B015-B72B2EC8F775}.Debug|iPhone.ActiveCfg = Debug|Any CPU
		{216435DD-BC23-462A-B015-B72B2EC8F775}.Debug|iPhone.Build.0 = Debug|Any CPU
		{216435DD-BC23-462A-B015-B72B2EC8F775}.Debug|iPhone.Deploy.0 = Debug|Any CPU
		{216435DD-BC23-462A-B015-B72B2EC8F775}.Debug|iPhoneSimulator.ActiveCfg = Debug|Any CPU
		{216435DD-BC23-462A-B015-B72B2EC8F775}.Debug|iPhoneSimulator.Build.0 = Debug|Any CPU
		{216435DD-BC23-462A-B015-B72B2EC8F775}.Debug|iPhoneSimulator.Deploy.0 = Debug|Any CPU
		{216435DD-BC23-462A-B015-B72B2EC8F775}.Release|Any CPU.ActiveCfg = Release|Any CPU
		{216435DD-BC23-462A-B015-B72B2EC8F775}.Release|Any CPU.Build.0 = Release|Any CPU
		{216435DD-BC23-462A-B015-B72B2EC8F775}.Release|Any CPU.Deploy.0 = Release|Any CPU
		{216435DD-BC23-462A-B015-B72B2EC8F775}.Release|iPhone.ActiveCfg = Release|Any CPU
		{216435DD-BC23-462A-B015-B72B2EC8F775}.Release|iPhone.Build.0 = Release|Any CPU
		{216435DD-BC23-462A-B015-B72B2EC8F775}.Release|iPhone.Deploy.0 = Release|Any CPU
		{216435DD-BC23-462A-B015-B72B2EC8F775}.Release|iPhoneSimulator.ActiveCfg = Release|Any CPU
		{216435DD-BC23-462A-B015-B72B2EC8F775}.Release|iPhoneSimulator.Build.0 = Release|Any CPU
		{216435DD-BC23-462A-B015-B72B2EC8F775}.Release|iPhoneSimulator.Deploy.0 = Release|Any CPU
		{C2F0BE19-E7F3-4717-925E-DEE1DC155950}.Ad-Hoc|Any CPU.ActiveCfg = Ad-Hoc|iPhone
		{C2F0BE19-E7F3-4717-925E-DEE1DC155950}.Ad-Hoc|Any CPU.Build.0 = Ad-Hoc|iPhone
		{C2F0BE19-E7F3-4717-925E-DEE1DC155950}.Ad-Hoc|Any CPU.Deploy.0 = Ad-Hoc|iPhone
		{C2F0BE19-E7F3-4717-925E-DEE1DC155950}.Ad-Hoc|iPhone.ActiveCfg = Ad-Hoc|iPhone
		{C2F0BE19-E7F3-4717-925E-DEE1DC155950}.Ad-Hoc|iPhone.Build.0 = Ad-Hoc|iPhone
		{C2F0BE19-E7F3-4717-925E-DEE1DC155950}.Ad-Hoc|iPhone.Deploy.0 = Ad-Hoc|iPhone
		{C2F0BE19-E7F3-4717-925E-DEE1DC155950}.Ad-Hoc|iPhoneSimulator.ActiveCfg = Ad-Hoc|iPhoneSimulator
		{C2F0BE19-E7F3-4717-925E-DEE1DC155950}.Ad-Hoc|iPhoneSimulator.Build.0 = Ad-Hoc|iPhoneSimulator
		{C2F0BE19-E7F3-4717-925E-DEE1DC155950}.Ad-Hoc|iPhoneSimulator.Deploy.0 = Ad-Hoc|iPhoneSimulator
		{C2F0BE19-E7F3-4717-925E-DEE1DC155950}.AppStore|Any CPU.ActiveCfg = AppStore|iPhone
		{C2F0BE19-E7F3-4717-925E-DEE1DC155950}.AppStore|Any CPU.Build.0 = AppStore|iPhone
		{C2F0BE19-E7F3-4717-925E-DEE1DC155950}.AppStore|Any CPU.Deploy.0 = AppStore|iPhone
		{C2F0BE19-E7F3-4717-925E-DEE1DC155950}.AppStore|iPhone.ActiveCfg = AppStore|iPhone
		{C2F0BE19-E7F3-4717-925E-DEE1DC155950}.AppStore|iPhone.Build.0 = AppStore|iPhone
		{C2F0BE19-E7F3-4717-925E-DEE1DC155950}.AppStore|iPhone.Deploy.0 = AppStore|iPhone
		{C2F0BE19-E7F3-4717-925E-DEE1DC155950}.AppStore|iPhoneSimulator.ActiveCfg = AppStore|iPhoneSimulator
		{C2F0BE19-E7F3-4717-925E-DEE1DC155950}.AppStore|iPhoneSimulator.Build.0 = AppStore|iPhoneSimulator
		{C2F0BE19-E7F3-4717-925E-DEE1DC155950}.AppStore|iPhoneSimulator.Deploy.0 = AppStore|iPhoneSimulator
		{C2F0BE19-E7F3-4717-925E-DEE1DC155950}.Debug|Any CPU.ActiveCfg = Debug|iPhoneSimulator
		{C2F0BE19-E7F3-4717-925E-DEE1DC155950}.Debug|Any CPU.Build.0 = Debug|iPhoneSimulator
		{C2F0BE19-E7F3-4717-925E-DEE1DC155950}.Debug|Any CPU.Deploy.0 = Debug|iPhoneSimulator
		{C2F0BE19-E7F3-4717-925E-DEE1DC155950}.Debug|iPhone.ActiveCfg = Debug|iPhone
		{C2F0BE19-E7F3-4717-925E-DEE1DC155950}.Debug|iPhone.Build.0 = Debug|iPhone
		{C2F0BE19-E7F3-4717-925E-DEE1DC155950}.Debug|iPhone.Deploy.0 = Debug|iPhone
		{C2F0BE19-E7F3-4717-925E-DEE1DC155950}.Debug|iPhoneSimulator.ActiveCfg = Debug|iPhoneSimulator
		{C2F0BE19-E7F3-4717-925E-DEE1DC155950}.Debug|iPhoneSimulator.Build.0 = Debug|iPhoneSimulator
		{C2F0BE19-E7F3-4717-925E-DEE1DC155950}.Debug|iPhoneSimulator.Deploy.0 = Debug|iPhoneSimulator
		{C2F0BE19-E7F3-4717-925E-DEE1DC155950}.Release|Any CPU.ActiveCfg = Release|iPhone
		{C2F0BE19-E7F3-4717-925E-DEE1DC155950}.Release|Any CPU.Build.0 = Release|iPhone
		{C2F0BE19-E7F3-4717-925E-DEE1DC155950}.Release|Any CPU.Deploy.0 = Release|iPhone
		{C2F0BE19-E7F3-4717-925E-DEE1DC155950}.Release|iPhone.ActiveCfg = Release|iPhone
		{C2F0BE19-E7F3-4717-925E-DEE1DC155950}.Release|iPhone.Build.0 = Release|iPhone
		{C2F0BE19-E7F3-4717-925E-DEE1DC155950}.Release|iPhone.Deploy.0 = Release|iPhone
		{C2F0BE19-E7F3-4717-925E-DEE1DC155950}.Release|iPhoneSimulator.ActiveCfg = Release|iPhoneSimulator
		{C2F0BE19-E7F3-4717-925E-DEE1DC155950}.Release|iPhoneSimulator.Build.0 = Release|iPhoneSimulator
		{C2F0BE19-E7F3-4717-925E-DEE1DC155950}.Release|iPhoneSimulator.Deploy.0 = Release|iPhoneSimulator
		{BED15D63-C88F-463A-AA59-9C61EB621C0C}.Ad-Hoc|Any CPU.ActiveCfg = Debug|Any CPU
		{BED15D63-C88F-463A-AA59-9C61EB621C0C}.Ad-Hoc|Any CPU.Build.0 = Debug|Any CPU
		{BED15D63-C88F-463A-AA59-9C61EB621C0C}.Ad-Hoc|Any CPU.Deploy.0 = Debug|Any CPU
		{BED15D63-C88F-463A-AA59-9C61EB621C0C}.Ad-Hoc|iPhone.ActiveCfg = Debug|Any CPU
		{BED15D63-C88F-463A-AA59-9C61EB621C0C}.Ad-Hoc|iPhone.Build.0 = Debug|Any CPU
		{BED15D63-C88F-463A-AA59-9C61EB621C0C}.Ad-Hoc|iPhone.Deploy.0 = Debug|Any CPU
		{BED15D63-C88F-463A-AA59-9C61EB621C0C}.Ad-Hoc|iPhoneSimulator.ActiveCfg = Debug|Any CPU
		{BED15D63-C88F-463A-AA59-9C61EB621C0C}.Ad-Hoc|iPhoneSimulator.Build.0 = Debug|Any CPU
		{BED15D63-C88F-463A-AA59-9C61EB621C0C}.Ad-Hoc|iPhoneSimulator.Deploy.0 = Debug|Any CPU
		{BED15D63-C88F-463A-AA59-9C61EB621C0C}.AppStore|Any CPU.ActiveCfg = Debug|Any CPU
		{BED15D63-C88F-463A-AA59-9C61EB621C0C}.AppStore|Any CPU.Build.0 = Debug|Any CPU
		{BED15D63-C88F-463A-AA59-9C61EB621C0C}.AppStore|Any CPU.Deploy.0 = Debug|Any CPU
		{BED15D63-C88F-463A-AA59-9C61EB621C0C}.AppStore|iPhone.ActiveCfg = Debug|Any CPU
		{BED15D63-C88F-463A-AA59-9C61EB621C0C}.AppStore|iPhone.Build.0 = Debug|Any CPU
		{BED15D63-C88F-463A-AA59-9C61EB621C0C}.AppStore|iPhone.Deploy.0 = Debug|Any CPU
		{BED15D63-C88F-463A-AA59-9C61EB621C0C}.AppStore|iPhoneSimulator.ActiveCfg = Debug|Any CPU
		{BED15D63-C88F-463A-AA59-9C61EB621C0C}.AppStore|iPhoneSimulator.Build.0 = Debug|Any CPU
		{BED15D63-C88F-463A-AA59-9C61EB621C0C}.AppStore|iPhoneSimulator.Deploy.0 = Debug|Any CPU
		{BED15D63-C88F-463A-AA59-9C61EB621C0C}.Debug|Any CPU.ActiveCfg = Debug|Any CPU
		{BED15D63-C88F-463A-AA59-9C61EB621C0C}.Debug|Any CPU.Build.0 = Debug|Any CPU
		{BED15D63-C88F-463A-AA59-9C61EB621C0C}.Debug|Any CPU.Deploy.0 = Debug|Any CPU
		{BED15D63-C88F-463A-AA59-9C61EB621C0C}.Debug|iPhone.ActiveCfg = Debug|Any CPU
		{BED15D63-C88F-463A-AA59-9C61EB621C0C}.Debug|iPhone.Build.0 = Debug|Any CPU
		{BED15D63-C88F-463A-AA59-9C61EB621C0C}.Debug|iPhone.Deploy.0 = Debug|Any CPU
		{BED15D63-C88F-463A-AA59-9C61EB621C0C}.Debug|iPhoneSimulator.ActiveCfg = Debug|Any CPU
		{BED15D63-C88F-463A-AA59-9C61EB621C0C}.Debug|iPhoneSimulator.Build.0 = Debug|Any CPU
		{BED15D63-C88F-463A-AA59-9C61EB621C0C}.Debug|iPhoneSimulator.Deploy.0 = Debug|Any CPU
		{BED15D63-C88F-463A-AA59-9C61EB621C0C}.Release|Any CPU.ActiveCfg = Release|Any CPU
		{BED15D63-C88F-463A-AA59-9C61EB621C0C}.Release|Any CPU.Build.0 = Release|Any CPU
		{BED15D63-C88F-463A-AA59-9C61EB621C0C}.Release|Any CPU.Deploy.0 = Release|Any CPU
		{BED15D63-C88F-463A-AA59-9C61EB621C0C}.Release|iPhone.ActiveCfg = Release|Any CPU
		{BED15D63-C88F-463A-AA59-9C61EB621C0C}.Release|iPhone.Build.0 = Release|Any CPU
		{BED15D63-C88F-463A-AA59-9C61EB621C0C}.Release|iPhone.Deploy.0 = Release|Any CPU
		{BED15D63-C88F-463A-AA59-9C61EB621C0C}.Release|iPhoneSimulator.ActiveCfg = Release|Any CPU
		{BED15D63-C88F-463A-AA59-9C61EB621C0C}.Release|iPhoneSimulator.Build.0 = Release|Any CPU
		{BED15D63-C88F-463A-AA59-9C61EB621C0C}.Release|iPhoneSimulator.Deploy.0 = Release|Any CPU
	EndGlobalSection
	GlobalSection(SolutionProperties) = preSolution
		HideSolutionNode = FALSE
	EndGlobalSection
	GlobalSection(ExtensibilityGlobals) = postSolution
		SolutionGuid = {7D8052D2-2336-4055-99A5-2A21F404A38B}
	EndGlobalSection
EndGlobal
